<?xml version="1.0" encoding="utf-8"?>
<Project ToolsVersion="4.0" xmlns="http://schemas.microsoft.com/developer/msbuild/2003">
  <ItemGroup>
    <Filter Include="Pliki źródłowe">
      <UniqueIdentifier>{4FC737F1-C7A5-4376-A066-2A32D752A2FF}</UniqueIdentifier>
      <Extensions>cpp;c;cc;cxx;c++;cppm;ixx;def;odl;idl;hpj;bat;asm;asmx</Extensions>
    </Filter>
    <Filter Include="Pliki nagłówkowe">
      <UniqueIdentifier>{93995380-89BD-4b04-88EB-625FBE52EBFB}</UniqueIdentifier>
      <Extensions>h;hh;hpp;hxx;h++;hm;inl;inc;ipp;xsd</Extensions>
    </Filter>
    <Filter Include="Pliki zasobów">
      <UniqueIdentifier>{67DA6AB6-F800-4c08-8B7A-83BB121AAD01}</UniqueIdentifier>
      <Extensions>rc;ico;cur;bmp;dlg;rc2;rct;bin;rgs;gif;jpg;jpeg;jpe;resx;tiff;tif;png;wav;mfcribbon-ms</Extensions>
    </Filter>
    <Filter Include="State">
      <UniqueIdentifier>{993b9ccc-44e7-4f53-a4ce-2246dc2a7ee7}</UniqueIdentifier>
    </Filter>
    <Filter Include="Entities">
      <UniqueIdentifier>{e9bd51b2-6ffa-427a-b1f8-43eb3e011647}</UniqueIdentifier>
    </Filter>
    <Filter Include="Components">
      <UniqueIdentifier>{fc70b9e0-9dee-4d5f-bc5b-6e858edc6534}</UniqueIdentifier>
    </Filter>
    <Filter Include="GUI">
      <UniqueIdentifier>{2443cb74-3892-4867-a242-b31a1ff35abf}</UniqueIdentifier>
    </Filter>
    <Filter Include="Map">
      <UniqueIdentifier>{d5825827-2e93-478a-ae38-94f08278d575}</UniqueIdentifier>
    </Filter>
    <Filter Include="Item">
      <UniqueIdentifier>{3c416e92-9f6b-461c-ae5d-267d6febf226}</UniqueIdentifier>
    </Filter>
    <Filter Include="Map\Tile">
      <UniqueIdentifier>{6eaab426-adad-40a4-bede-81c4173ca61f}</UniqueIdentifier>
    </Filter>
    <Filter Include="State\Editor Modes">
      <UniqueIdentifier>{fcefc941-a32a-455f-8ca5-115c746ad7f4}</UniqueIdentifier>
    </Filter>
    <Filter Include="Entities\Enemies">
      <UniqueIdentifier>{f70f45ba-fc62-4b9c-9b3f-0098393bb1e6}</UniqueIdentifier>
    </Filter>
    <Filter Include="Item\Weapons">
      <UniqueIdentifier>{350866d8-8407-48a1-98e7-a396e1c9d770}</UniqueIdentifier>
    </Filter>
    <Filter Include="Item\Weapons\MeleeWeapon">
      <UniqueIdentifier>{b1b9e0ce-ba82-423e-b138-401fb3d79fd7}</UniqueIdentifier>
    </Filter>
    <Filter Include="Item\Weapons\RangeWeapon">
      <UniqueIdentifier>{34b4d938-13ed-4181-bc3f-6e86cbe1e5c6}</UniqueIdentifier>
    </Filter>
    <Filter Include="Item\Armors">
      <UniqueIdentifier>{d3d7c151-2eb9-40e7-a32a-2ddc0cb4db18}</UniqueIdentifier>
    </Filter>
    <Filter Include="Systems">
      <UniqueIdentifier>{e947c1f3-7700-4f09-ab18-cc99c0017977}</UniqueIdentifier>
    </Filter>
    <Filter Include="GUI\PlayerGUITabs">
      <UniqueIdentifier>{81da8ee0-1ace-4e56-9bff-a6367e379027}</UniqueIdentifier>
    </Filter>
    <Filter Include="AI">
      <UniqueIdentifier>{79a61956-6bdb-41ba-88db-f7a2eb360074}</UniqueIdentifier>
    </Filter>
    <Filter Include="AI\Options">
      <UniqueIdentifier>{120a1efd-5b2e-42c9-a0ec-852cd550bcf2}</UniqueIdentifier>
    </Filter>
  </ItemGroup>
  <ItemGroup>
    <ClCompile Include="main.cpp">
      <Filter>Pliki źródłowe</Filter>
    </ClCompile>
    <ClCompile Include="Game.cpp">
      <Filter>Pliki źródłowe</Filter>
    </ClCompile>
    <ClCompile Include="GameState.cpp">
      <Filter>State</Filter>
    </ClCompile>
    <ClCompile Include="State.cpp">
      <Filter>State</Filter>
    </ClCompile>
    <ClCompile Include="Entity.cpp">
      <Filter>Entities</Filter>
    </ClCompile>
    <ClCompile Include="MainMenuState.cpp">
      <Filter>State</Filter>
    </ClCompile>
    <ClCompile Include="Player.cpp">
      <Filter>Entities</Filter>
    </ClCompile>
    <ClCompile Include="MovementComponent.cpp">
      <Filter>Components</Filter>
    </ClCompile>
    <ClCompile Include="AnimationComponent.cpp">
      <Filter>Components</Filter>
    </ClCompile>
    <ClCompile Include="EditorState.cpp">
      <Filter>State</Filter>
    </ClCompile>
    <ClCompile Include="HitboxComponent.cpp">
      <Filter>Components</Filter>
    </ClCompile>
    <ClCompile Include="Tile.cpp">
      <Filter>Map\Tile</Filter>
    </ClCompile>
    <ClCompile Include="PauseMenu.cpp">
      <Filter>GUI</Filter>
    </ClCompile>
    <ClCompile Include="SettingsState.cpp">
      <Filter>State</Filter>
    </ClCompile>
    <ClCompile Include="TileMap.cpp">
      <Filter>Map</Filter>
    </ClCompile>
    <ClCompile Include="stdafx.cpp">
      <Filter>Pliki nagłówkowe</Filter>
    </ClCompile>
    <ClCompile Include="AttributeComponent.cpp">
      <Filter>Components</Filter>
    </ClCompile>
    <ClCompile Include="Gui.cpp">
      <Filter>GUI</Filter>
    </ClCompile>
    <ClCompile Include="PlayerGUI.cpp">
      <Filter>GUI</Filter>
    </ClCompile>
    <ClCompile Include="Item.cpp">
      <Filter>Item</Filter>
    </ClCompile>
    <ClCompile Include="MeleeWeapon.cpp">
      <Filter>Item\Weapons\MeleeWeapon</Filter>
    </ClCompile>
    <ClCompile Include="Sword.cpp">
      <Filter>Item\Weapons\MeleeWeapon</Filter>
    </ClCompile>
    <ClCompile Include="RangedWeapon.cpp">
      <Filter>Item\Weapons\RangeWeapon</Filter>
    </ClCompile>
    <ClCompile Include="Bow.cpp">
      <Filter>Item\Weapons\RangeWeapon</Filter>
    </ClCompile>
    <ClCompile Include="SkillComponent.cpp">
      <Filter>Components</Filter>
    </ClCompile>
    <ClCompile Include="EnemySpawnerTile.cpp">
      <Filter>Map\Tile</Filter>
    </ClCompile>
    <ClCompile Include="EditorMode.cpp">
      <Filter>State\Editor Modes</Filter>
    </ClCompile>
    <ClCompile Include="DefaultEditorMode.cpp">
      <Filter>State\Editor Modes</Filter>
    </ClCompile>
    <ClCompile Include="EnemyEditorMode.cpp">
      <Filter>State\Editor Modes</Filter>
    </ClCompile>
    <ClCompile Include="Enemy.cpp">
      <Filter>Entities\Enemies</Filter>
    </ClCompile>
    <ClCompile Include="Bug1.cpp">
      <Filter>Entities\Enemies</Filter>
    </ClCompile>
    <ClCompile Include="RegularTile.cpp">
      <Filter>Map\Tile</Filter>
    </ClCompile>
    <ClCompile Include="EnemySystem.cpp">
      <Filter>Entities\Enemies</Filter>
    </ClCompile>
    <ClCompile Include="Inventory.cpp">
      <Filter>Item</Filter>
    </ClCompile>
    <ClCompile Include="Weapon.cpp">
      <Filter>Item\Weapons</Filter>
    </ClCompile>
    <ClCompile Include="TextTagSystem.cpp">
      <Filter>Systems</Filter>
    </ClCompile>
    <ClCompile Include="PlayerGUITabs.cpp">
      <Filter>GUI\PlayerGUITabs</Filter>
    </ClCompile>
    <ClCompile Include="CharacterTab.cpp">
      <Filter>GUI\PlayerGUITabs</Filter>
    </ClCompile>
    <ClCompile Include="Tab.cpp">
      <Filter>GUI\PlayerGUITabs</Filter>
    </ClCompile>
    <ClCompile Include="AIOption.cpp">
      <Filter>AI</Filter>
    </ClCompile>
    <ClCompile Include="AIFollow.cpp">
      <Filter>AI\Options</Filter>
    </ClCompile>
    <ClCompile Include="DamagingTile.cpp">
      <Filter>Map\Tile</Filter>
    </ClCompile>
    <ClCompile Include="AIComponent.cpp">
      <Filter>AI</Filter>
    </ClCompile>
    <ClCompile Include="GraphicsSettings.cpp">
      <Filter>Pliki zasobów</Filter>
    </ClCompile>
    <ClCompile Include="VectorMath.cpp">
      <Filter>Pliki zasobów</Filter>
    </ClCompile>
    <ClCompile Include="Rat1.cpp">
      <Filter>Entities\Enemies</Filter>
    </ClCompile>
  </ItemGroup>
  <ItemGroup>
    <ClInclude Include="GameState.h">
      <Filter>State</Filter>
    </ClInclude>
    <ClInclude Include="State.h">
      <Filter>State</Filter>
    </ClInclude>
    <ClInclude Include="Entity.h">
      <Filter>Entities</Filter>
    </ClInclude>
    <ClInclude Include="MainMenuState.h">
      <Filter>State</Filter>
    </ClInclude>
    <ClInclude Include="Player.h">
      <Filter>Entities</Filter>
    </ClInclude>
    <ClInclude Include="MovementComponent.h">
      <Filter>Components</Filter>
    </ClInclude>
    <ClInclude Include="AnimationComponent.h">
      <Filter>Components</Filter>
    </ClInclude>
    <ClInclude Include="EditorState.h">
      <Filter>State</Filter>
    </ClInclude>
    <ClInclude Include="HitboxComponent.h">
      <Filter>Components</Filter>
    </ClInclude>
    <ClInclude Include="Tile.h">
      <Filter>Map\Tile</Filter>
    </ClInclude>
    <ClInclude Include="PauseMenu.h">
      <Filter>GUI</Filter>
    </ClInclude>
    <ClInclude Include="SettingsState.h">
      <Filter>State</Filter>
    </ClInclude>
    <ClInclude Include="TileMap.h">
      <Filter>Map</Filter>
    </ClInclude>
    <ClInclude Include="stdafx.h">
      <Filter>Pliki nagłówkowe</Filter>
    </ClInclude>
    <ClInclude Include="Game.h">
      <Filter>Pliki źródłowe</Filter>
    </ClInclude>
    <ClInclude Include="AttributeComponent.h">
      <Filter>Components</Filter>
    </ClInclude>
    <ClInclude Include="Gui.h">
      <Filter>GUI</Filter>
    </ClInclude>
    <ClInclude Include="PlayerGUI.h">
      <Filter>GUI</Filter>
    </ClInclude>
    <ClInclude Include="Item.h">
      <Filter>Item</Filter>
    </ClInclude>
    <ClInclude Include="MeleeWeapon.h">
      <Filter>Item\Weapons\MeleeWeapon</Filter>
    </ClInclude>
    <ClInclude Include="Sword.h">
      <Filter>Item\Weapons\MeleeWeapon</Filter>
    </ClInclude>
    <ClInclude Include="RangedWeapon.h">
      <Filter>Item\Weapons\RangeWeapon</Filter>
    </ClInclude>
    <ClInclude Include="Bow.h">
      <Filter>Item\Weapons\RangeWeapon</Filter>
    </ClInclude>
    <ClInclude Include="SkillComponent.h">
      <Filter>Components</Filter>
    </ClInclude>
    <ClInclude Include="EnemySpawnerTile.h">
      <Filter>Map\Tile</Filter>
    </ClInclude>
    <ClInclude Include="EditorMode.h">
      <Filter>State\Editor Modes</Filter>
    </ClInclude>
    <ClInclude Include="DefaultEditorMode.h">
      <Filter>State\Editor Modes</Filter>
    </ClInclude>
    <ClInclude Include="EnemyEditorMode.h">
      <Filter>State\Editor Modes</Filter>
    </ClInclude>
    <ClInclude Include="EditorModes.h">
      <Filter>State\Editor Modes</Filter>
    </ClInclude>
    <ClInclude Include="Enemy.h">
      <Filter>Entities\Enemies</Filter>
    </ClInclude>
    <ClInclude Include="Bug1.h">
      <Filter>Entities\Enemies</Filter>
    </ClInclude>
    <ClInclude Include="RegularTile.h">
      <Filter>Map\Tile</Filter>
    </ClInclude>
    <ClInclude Include="EnemySystem.h">
      <Filter>Entities\Enemies</Filter>
    </ClInclude>
    <ClInclude Include="Inventory.h">
      <Filter>Item</Filter>
    </ClInclude>
    <ClInclude Include="Items.h">
      <Filter>Item</Filter>
    </ClInclude>
    <ClInclude Include="Weapon.h">
      <Filter>Item\Weapons</Filter>
    </ClInclude>
    <ClInclude Include="TextTagSystem.h">
      <Filter>Systems</Filter>
    </ClInclude>
    <ClInclude Include="PlayerGUITabs.h">
      <Filter>GUI\PlayerGUITabs</Filter>
    </ClInclude>
    <ClInclude Include="CharacterTab.h">
      <Filter>GUI\PlayerGUITabs</Filter>
    </ClInclude>
    <ClInclude Include="Tab.h">
      <Filter>GUI\PlayerGUITabs</Filter>
    </ClInclude>
    <ClInclude Include="AIOption.h">
      <Filter>AI</Filter>
    </ClInclude>
    <ClInclude Include="AIFollow.h">
      <Filter>AI\Options</Filter>
    </ClInclude>
    <ClInclude Include="DamagingTile.h">
      <Filter>Map\Tile</Filter>
    </ClInclude>
    <ClInclude Include="AIComponent.h">
      <Filter>AI</Filter>
    </ClInclude>
    <ClInclude Include="GraphicsSettings.h">
      <Filter>Pliki zasobów</Filter>
    </ClInclude>
    <ClInclude Include="VectorMath.h">
      <Filter>Pliki zasobów</Filter>
    </ClInclude>
    <ClInclude Include="Rat1.h">
      <Filter>Entities\Enemies</Filter>
    </ClInclude>
  </ItemGroup>
  <ItemGroup>
    <None Include="vertex_shader.vert">
      <Filter>Pliki zasobów</Filter>
    </None>
    <None Include="fragment_shader.frag">
      <Filter>Pliki zasobów</Filter>
    </None>
  </ItemGroup>
</Project>